
Microsoft Visual Studio Solution File, Format Version 9.00
# Visual Studio 2005
Project("{8BC9CEB8-8B4A-11D0-8D11-00A0C91BC942}") = "Aldebaran", "ast.vcproj", "{407B3E44-B3B9-483B-8933-5D7806AFAD79}"
EndProject
Project("{54435603-DBB4-11D2-8724-00A0C9A8B90C}") = "AldebaranInstall", "AldebaranInstall\AldebaranInstall.vdproj", "{ADA5244E-2DF3-4546-B6A1-8DA8278ECF73}"
EndProject
Global
	GlobalSection(SolutionConfigurationPlatforms) = preSolution
		Debug|Win32 = Debug|Win32
		Release|Win32 = Release|Win32
	EndGlobalSection
	GlobalSection(ProjectConfigurationPlatforms) = postSolution
		{407B3E44-B3B9-483B-8933-5D7806AFAD79}.Debug|Win32.ActiveCfg = Debug|Win32
		{407B3E44-B3B9-483B-8933-5D7806AFAD79}.Debug|Win32.Build.0 = Debug|Win32
		{407B3E44-B3B9-483B-8933-5D7806AFAD79}.Release|Win32.ActiveCfg = Release|Win32
		{407B3E44-B3B9-483B-8933-5D7806AFAD79}.Release|Win32.Build.0 = Release|Win32
		{ADA5244E-2DF3-4546-B6A1-8DA8278ECF73}.Debug|Win32.ActiveCfg = Debug
		{ADA5244E-2DF3-4546-B6A1-8DA8278ECF73}.Release|Win32.ActiveCfg = Release
	EndGlobalSection
	GlobalSection(SolutionProperties) = preSolution
		HideSolutionNode = FALSE
	EndGlobalSection
EndGlobal
